// !$*UTF8*$!
{
	archiveVersion = 1;
	classes = {
	};
	objectVersion = 46;
	objects = {

/* Begin PBXBuildFile section */
		4462065F347D9A8BA96A29BD /* Pods_mottosdkios_Tests.framework in Frameworks */ = {isa = PBXBuildFile; fileRef = 84C6E45921AA90D2B9784C3A /* Pods_mottosdkios_Tests.framework */; };
		5EE9CE67BEFA72A55DD40151 /* Pods_mottosdkios_Example.framework in Frameworks */ = {isa = PBXBuildFile; fileRef = 618AA730B08811FA71D1CFDD /* Pods_mottosdkios_Example.framework */; };
		607FACD61AFB9204008FA782 /* AppDelegate.swift in Sources */ = {isa = PBXBuildFile; fileRef = 607FACD51AFB9204008FA782 /* AppDelegate.swift */; };
		607FACD81AFB9204008FA782 /* ViewController.swift in Sources */ = {isa = PBXBuildFile; fileRef = 607FACD71AFB9204008FA782 /* ViewController.swift */; };
		607FACDB1AFB9204008FA782 /* Main.storyboard in Resources */ = {isa = PBXBuildFile; fileRef = 607FACD91AFB9204008FA782 /* Main.storyboard */; };
		607FACDD1AFB9204008FA782 /* Images.xcassets in Resources */ = {isa = PBXBuildFile; fileRef = 607FACDC1AFB9204008FA782 /* Images.xcassets */; };
		607FACE01AFB9204008FA782 /* LaunchScreen.xib in Resources */ = {isa = PBXBuildFile; fileRef = 607FACDE1AFB9204008FA782 /* LaunchScreen.xib */; };
		607FACEC1AFB9204008FA782 /* Tests.swift in Sources */ = {isa = PBXBuildFile; fileRef = 607FACEB1AFB9204008FA782 /* Tests.swift */; };
/* End PBXBuildFile section */

/* Begin PBXContainerItemProxy section */
		607FACE61AFB9204008FA782 /* PBXContainerItemProxy */ = {
			isa = PBXContainerItemProxy;
			containerPortal = 607FACC81AFB9204008FA782 /* Project object */;
			proxyType = 1;
			remoteGlobalIDString = 607FACCF1AFB9204008FA782;
			remoteInfo = mottosdkios;
		};
/* End PBXContainerItemProxy section */

/* Begin PBXFileReference section */
		3403F0A9BAA11A1EE0F6BE08 /* LICENSE */ = {isa = PBXFileReference; includeInIndex = 1; lastKnownFileType = text; name = LICENSE; path = ../LICENSE; sourceTree = "<group>"; };
		3A6D774CF2B47D8B46502BD7 /* Pods-mottosdkios_Example.release.xcconfig */ = {isa = PBXFileReference; includeInIndex = 1; lastKnownFileType = text.xcconfig; name = "Pods-mottosdkios_Example.release.xcconfig"; path = "Target Support Files/Pods-mottosdkios_Example/Pods-mottosdkios_Example.release.xcconfig"; sourceTree = "<group>"; };
		43F38DCEE94DF22225B508C2 /* Pods-mottosdkios_Tests.release.xcconfig */ = {isa = PBXFileReference; includeInIndex = 1; lastKnownFileType = text.xcconfig; name = "Pods-mottosdkios_Tests.release.xcconfig"; path = "Target Support Files/Pods-mottosdkios_Tests/Pods-mottosdkios_Tests.release.xcconfig"; sourceTree = "<group>"; };
		607FACD01AFB9204008FA782 /* mottosdkios_Example.app */ = {isa = PBXFileReference; explicitFileType = wrapper.application; includeInIndex = 0; path = mottosdkios_Example.app; sourceTree = BUILT_PRODUCTS_DIR; };
		607FACD41AFB9204008FA782 /* Info.plist */ = {isa = PBXFileReference; lastKnownFileType = text.plist.xml; path = Info.plist; sourceTree = "<group>"; };
		607FACD51AFB9204008FA782 /* AppDelegate.swift */ = {isa = PBXFileReference; lastKnownFileType = sourcecode.swift; path = AppDelegate.swift; sourceTree = "<group>"; };
		607FACD71AFB9204008FA782 /* ViewController.swift */ = {isa = PBXFileReference; lastKnownFileType = sourcecode.swift; path = ViewController.swift; sourceTree = "<group>"; };
		607FACDA1AFB9204008FA782 /* Base */ = {isa = PBXFileReference; lastKnownFileType = file.storyboard; name = Base; path = Base.lproj/Main.storyboard; sourceTree = "<group>"; };
		607FACDC1AFB9204008FA782 /* Images.xcassets */ = {isa = PBXFileReference; lastKnownFileType = folder.assetcatalog; path = Images.xcassets; sourceTree = "<group>"; };
		607FACDF1AFB9204008FA782 /* Base */ = {isa = PBXFileReference; lastKnownFileType = file.xib; name = Base; path = Base.lproj/LaunchScreen.xib; sourceTree = "<group>"; };
		607FACE51AFB9204008FA782 /* mottosdkios_Tests.xctest */ = {isa = PBXFileReference; explicitFileType = wrapper.cfbundle; includeInIndex = 0; path = mottosdkios_Tests.xctest; sourceTree = BUILT_PRODUCTS_DIR; };
		607FACEA1AFB9204008FA782 /* Info.plist */ = {isa = PBXFileReference; lastKnownFileType = text.plist.xml; path = Info.plist; sourceTree = "<group>"; };
		607FACEB1AFB9204008FA782 /* Tests.swift */ = {isa = PBXFileReference; lastKnownFileType = sourcecode.swift; path = Tests.swift; sourceTree = "<group>"; };
		618AA730B08811FA71D1CFDD /* Pods_mottosdkios_Example.framework */ = {isa = PBXFileReference; explicitFileType = wrapper.framework; includeInIndex = 0; path = Pods_mottosdkios_Example.framework; sourceTree = BUILT_PRODUCTS_DIR; };
		6AF3D04404EB91E12F839140 /* mottosdkios.podspec */ = {isa = PBXFileReference; includeInIndex = 1; lastKnownFileType = text; name = mottosdkios.podspec; path = ../mottosdkios.podspec; sourceTree = "<group>"; xcLanguageSpecificationIdentifier = xcode.lang.ruby; };
		84C6E45921AA90D2B9784C3A /* Pods_mottosdkios_Tests.framework */ = {isa = PBXFileReference; explicitFileType = wrapper.framework; includeInIndex = 0; path = Pods_mottosdkios_Tests.framework; sourceTree = BUILT_PRODUCTS_DIR; };
		D0138D085FBE5B9BB8DFC815 /* README.md */ = {isa = PBXFileReference; includeInIndex = 1; lastKnownFileType = net.daringfireball.markdown; name = README.md; path = ../README.md; sourceTree = "<group>"; };
		ECFE9647926DAA6E34F681DF /* Pods-mottosdkios_Example.debug.xcconfig */ = {isa = PBXFileReference; includeInIndex = 1; lastKnownFileType = text.xcconfig; name = "Pods-mottosdkios_Example.debug.xcconfig"; path = "Target Support Files/Pods-mottosdkios_Example/Pods-mottosdkios_Example.debug.xcconfig"; sourceTree = "<group>"; };
		F787D641126175A140D69CA6 /* Pods-mottosdkios_Tests.debug.xcconfig */ = {isa = PBXFileReference; includeInIndex = 1; lastKnownFileType = text.xcconfig; name = "Pods-mottosdkios_Tests.debug.xcconfig"; path = "Target Support Files/Pods-mottosdkios_Tests/Pods-mottosdkios_Tests.debug.xcconfig"; sourceTree = "<group>"; };
/* End PBXFileReference section */

/* Begin PBXFrameworksBuildPhase section */
		607FACCD1AFB9204008FA782 /* Frameworks */ = {
			isa = PBXFrameworksBuildPhase;
			buildActionMask = 2147483647;
			files = (
				5EE9CE67BEFA72A55DD40151 /* Pods_mottosdkios_Example.framework in Frameworks */,
			);
			runOnlyForDeploymentPostprocessing = 0;
		};
		607FACE21AFB9204008FA782 /* Frameworks */ = {
			isa = PBXFrameworksBuildPhase;
			buildActionMask = 2147483647;
			files = (
				4462065F347D9A8BA96A29BD /* Pods_mottosdkios_Tests.framework in Frameworks */,
			);
			runOnlyForDeploymentPostprocessing = 0;
		};
/* End PBXFrameworksBuildPhase section */

/* Begin PBXGroup section */
		607FACC71AFB9204008FA782 = {
			isa = PBXGroup;
			children = (
				607FACF51AFB993E008FA782 /* Podspec Metadata */,
				607FACD21AFB9204008FA782 /* Example for mottosdkios */,
				607FACE81AFB9204008FA782 /* Tests */,
				607FACD11AFB9204008FA782 /* Products */,
				960F1D035C4493799EAE9605 /* Pods */,
				F7AFAA3B10C7020E434DC989 /* Frameworks */,
			);
			sourceTree = "<group>";
		};
		607FACD11AFB9204008FA782 /* Products */ = {
			isa = PBXGroup;
			children = (
				607FACD01AFB9204008FA782 /* mottosdkios_Example.app */,
				607FACE51AFB9204008FA782 /* mottosdkios_Tests.xctest */,
			);
			name = Products;
			sourceTree = "<group>";
		};
		607FACD21AFB9204008FA782 /* Example for mottosdkios */ = {
			isa = PBXGroup;
			children = (
				607FACD51AFB9204008FA782 /* AppDelegate.swift */,
				607FACD71AFB9204008FA782 /* ViewController.swift */,
				607FACD91AFB9204008FA782 /* Main.storyboard */,
				607FACDC1AFB9204008FA782 /* Images.xcassets */,
				607FACDE1AFB9204008FA782 /* LaunchScreen.xib */,
				607FACD31AFB9204008FA782 /* Supporting Files */,
			);
			name = "Example for mottosdkios";
			path = mottosdkios;
			sourceTree = "<group>";
		};
		607FACD31AFB9204008FA782 /* Supporting Files */ = {
			isa = PBXGroup;
			children = (
				607FACD41AFB9204008FA782 /* Info.plist */,
			);
			name = "Supporting Files";
			sourceTree = "<group>";
		};
		607FACE81AFB9204008FA782 /* Tests */ = {
			isa = PBXGroup;
			children = (
				607FACEB1AFB9204008FA782 /* Tests.swift */,
				607FACE91AFB9204008FA782 /* Supporting Files */,
			);
			path = Tests;
			sourceTree = "<group>";
		};
		607FACE91AFB9204008FA782 /* Supporting Files */ = {
			isa = PBXGroup;
			children = (
				607FACEA1AFB9204008FA782 /* Info.plist */,
			);
			name = "Supporting Files";
			sourceTree = "<group>";
		};
		607FACF51AFB993E008FA782 /* Podspec Metadata */ = {
			isa = PBXGroup;
			children = (
				6AF3D04404EB91E12F839140 /* mottosdkios.podspec */,
				D0138D085FBE5B9BB8DFC815 /* README.md */,
				3403F0A9BAA11A1EE0F6BE08 /* LICENSE */,
			);
			name = "Podspec Metadata";
			sourceTree = "<group>";
		};
		960F1D035C4493799EAE9605 /* Pods */ = {
			isa = PBXGroup;
			children = (
				ECFE9647926DAA6E34F681DF /* Pods-mottosdkios_Example.debug.xcconfig */,
				3A6D774CF2B47D8B46502BD7 /* Pods-mottosdkios_Example.release.xcconfig */,
				F787D641126175A140D69CA6 /* Pods-mottosdkios_Tests.debug.xcconfig */,
				43F38DCEE94DF22225B508C2 /* Pods-mottosdkios_Tests.release.xcconfig */,
			);
			path = Pods;
			sourceTree = "<group>";
		};
		F7AFAA3B10C7020E434DC989 /* Frameworks */ = {
			isa = PBXGroup;
			children = (
				618AA730B08811FA71D1CFDD /* Pods_mottosdkios_Example.framework */,
				84C6E45921AA90D2B9784C3A /* Pods_mottosdkios_Tests.framework */,
			);
			name = Frameworks;
			sourceTree = "<group>";
		};
/* End PBXGroup section */

/* Begin PBXNativeTarget section */
		607FACCF1AFB9204008FA782 /* mottosdkios_Example */ = {
			isa = PBXNativeTarget;
			buildConfigurationList = 607FACEF1AFB9204008FA782 /* Build configuration list for PBXNativeTarget "mottosdkios_Example" */;
			buildPhases = (
				6E47C521A1604989D6364107 /* [CP] Check Pods Manifest.lock */,
				607FACCC1AFB9204008FA782 /* Sources */,
				607FACCD1AFB9204008FA782 /* Frameworks */,
				607FACCE1AFB9204008FA782 /* Resources */,
				4801E0B811992C6DE4A5DE0F /* [CP] Embed Pods Frameworks */,
				994F53E8E1A7C75349E2A1EA /* [CP] Copy Pods Resources */,
			);
			buildRules = (
			);
			dependencies = (
			);
			name = mottosdkios_Example;
			productName = mottosdkios;
			productReference = 607FACD01AFB9204008FA782 /* mottosdkios_Example.app */;
			productType = "com.apple.product-type.application";
		};
		607FACE41AFB9204008FA782 /* mottosdkios_Tests */ = {
			isa = PBXNativeTarget;
			buildConfigurationList = 607FACF21AFB9204008FA782 /* Build configuration list for PBXNativeTarget "mottosdkios_Tests" */;
			buildPhases = (
				B1E227D0CD2CB6DCB11329BD /* [CP] Check Pods Manifest.lock */,
				607FACE11AFB9204008FA782 /* Sources */,
				607FACE21AFB9204008FA782 /* Frameworks */,
				607FACE31AFB9204008FA782 /* Resources */,
			);
			buildRules = (
			);
			dependencies = (
				607FACE71AFB9204008FA782 /* PBXTargetDependency */,
			);
			name = mottosdkios_Tests;
			productName = Tests;
			productReference = 607FACE51AFB9204008FA782 /* mottosdkios_Tests.xctest */;
			productType = "com.apple.product-type.bundle.unit-test";
		};
/* End PBXNativeTarget section */

/* Begin PBXProject section */
		607FACC81AFB9204008FA782 /* Project object */ = {
			isa = PBXProject;
			attributes = {
				LastSwiftUpdateCheck = 0830;
				LastUpgradeCheck = 0830;
				ORGANIZATIONNAME = CocoaPods;
				TargetAttributes = {
					607FACCF1AFB9204008FA782 = {
						CreatedOnToolsVersion = 6.3.1;
						DevelopmentTeam = JCN6A3584L;
						LastSwiftMigration = 0900;
					};
					607FACE41AFB9204008FA782 = {
						CreatedOnToolsVersion = 6.3.1;
						DevelopmentTeam = JCN6A3584L;
						LastSwiftMigration = 0900;
						TestTargetID = 607FACCF1AFB9204008FA782;
					};
				};
			};
			buildConfigurationList = 607FACCB1AFB9204008FA782 /* Build configuration list for PBXProject "mottosdkios" */;
			compatibilityVersion = "Xcode 3.2";
			developmentRegion = English;
			hasScannedForEncodings = 0;
			knownRegions = (
				English,
				en,
				Base,
			);
			mainGroup = 607FACC71AFB9204008FA782;
			productRefGroup = 607FACD11AFB9204008FA782 /* Products */;
			projectDirPath = "";
			projectRoot = "";
			targets = (
				607FACCF1AFB9204008FA782 /* mottosdkios_Example */,
				607FACE41AFB9204008FA782 /* mottosdkios_Tests */,
			);
		};
/* End PBXProject section */

/* Begin PBXResourcesBuildPhase section */
		607FACCE1AFB9204008FA782 /* Resources */ = {
			isa = PBXResourcesBuildPhase;
			buildActionMask = 2147483647;
			files = (
				607FACDB1AFB9204008FA782 /* Main.storyboard in Resources */,
				607FACE01AFB9204008FA782 /* LaunchScreen.xib in Resources */,
				607FACDD1AFB9204008FA782 /* Images.xcassets in Resources */,
			);
			runOnlyForDeploymentPostprocessing = 0;
		};
		607FACE31AFB9204008FA782 /* Resources */ = {
			isa = PBXResourcesBuildPhase;
			buildActionMask = 2147483647;
			files = (
			);
			runOnlyForDeploymentPostprocessing = 0;
		};
/* End PBXResourcesBuildPhase section */

/* Begin PBXShellScriptBuildPhase section */
		4801E0B811992C6DE4A5DE0F /* [CP] Embed Pods Frameworks */ = {
			isa = PBXShellScriptBuildPhase;
			buildActionMask = 2147483647;
			files = (
			);
			inputPaths = (
				"${PODS_ROOT}/Target Support Files/Pods-mottosdkios_Example/Pods-mottosdkios_Example-frameworks.sh",
				"${BUILT_PRODUCTS_DIR}/Alamofire/Alamofire.framework",
				"${BUILT_PRODUCTS_DIR}/SnapKit/SnapKit.framework",
				"${BUILT_PRODUCTS_DIR}/Then/Then.framework",
			);
			name = "[CP] Embed Pods Frameworks";
			outputPaths = (
				"${TARGET_BUILD_DIR}/${FRAMEWORKS_FOLDER_PATH}/Alamofire.framework",
				"${TARGET_BUILD_DIR}/${FRAMEWORKS_FOLDER_PATH}/SnapKit.framework",
				"${TARGET_BUILD_DIR}/${FRAMEWORKS_FOLDER_PATH}/Then.framework",
			);
			runOnlyForDeploymentPostprocessing = 0;
			shellPath = /bin/sh;
			shellScript = "\"${PODS_ROOT}/Target Support Files/Pods-mottosdkios_Example/Pods-mottosdkios_Example-frameworks.sh\"\n";
			showEnvVarsInLog = 0;
		};
		6E47C521A1604989D6364107 /* [CP] Check Pods Manifest.lock */ = {
			isa = PBXShellScriptBuildPhase;
			buildActionMask = 2147483647;
			files = (
			);
			inputFileListPaths = (
			);
			inputPaths = (
				"${PODS_PODFILE_DIR_PATH}/Podfile.lock",
				"${PODS_ROOT}/Manifest.lock",
			);
			name = "[CP] Check Pods Manifest.lock";
			outputFileListPaths = (
			);
			outputPaths = (
				"$(DERIVED_FILE_DIR)/Pods-mottosdkios_Example-checkManifestLockResult.txt",
			);
			runOnlyForDeploymentPostprocessing = 0;
			shellPath = /bin/sh;
			shellScript = "diff \"${PODS_PODFILE_DIR_PATH}/Podfile.lock\" \"${PODS_ROOT}/Manifest.lock\" > /dev/null\nif [ $? != 0 ] ; then\n    # print error to STDERR\n    echo \"error: The sandbox is not in sync with the Podfile.lock. Run 'pod install' or update your CocoaPods installation.\" >&2\n    exit 1\nfi\n# This output is used by Xcode 'outputs' to avoid re-running this script phase.\necho \"SUCCESS\" > \"${SCRIPT_OUTPUT_FILE_0}\"\n";
			showEnvVarsInLog = 0;
		};
		994F53E8E1A7C75349E2A1EA /* [CP] Copy Pods Resources */ = {
			isa = PBXShellScriptBuildPhase;
			buildActionMask = 2147483647;
			files = (
			);
			inputPaths = (
				"${PODS_ROOT}/Target Support Files/Pods-mottosdkios_Example/Pods-mottosdkios_Example-resources.sh",
				"${PODS_CONFIGURATION_BUILD_DIR}/UnityAds/UnityAdsResources.bundle",
				"${PODS_CONFIGURATION_BUILD_DIR}/VungleAds/VungleAds.bundle",
				"${PODS_ROOT}/../../mottosdkios/Assets/bg_slot_machine.png",
				"${PODS_ROOT}/../../mottosdkios/Assets/btn_mission_info.png",
				"${PODS_ROOT}/../../mottosdkios/Assets/btn_motto_start.png",
				"${PODS_ROOT}/../../mottosdkios/Assets/btn_motto_ticket.png",
				"${PODS_ROOT}/../../mottosdkios/Assets/icon_check_circle.png",
				"${PODS_ROOT}/../../mottosdkios/Assets/icon_close.png",
				"${PODS_ROOT}/../../mottosdkios/Assets/icon_home_title_dark2.png",
				"${PODS_ROOT}/../../mottosdkios/Assets/icon_home_title_light2.png",
				"${PODS_ROOT}/../../mottosdkios/Assets/icon_motto_draw.png",
				"${PODS_ROOT}/../../mottosdkios/Assets/icon_notice_dark.png",
				"${PODS_ROOT}/../../mottosdkios/Assets/icon_notice_light.png",
				"${PODS_ROOT}/../../mottosdkios/Assets/icon_retry.png",
				"${PODS_ROOT}/../../mottosdkios/Assets/icon_ticket.png",
				"${PODS_ROOT}/../../mottosdkios/Assets/ic_arrow_left.png",
				"${PODS_ROOT}/../../mottosdkios/Assets/ic_clock.png",
				"${PODS_ROOT}/../../mottosdkios/Assets/ic_launcher_foreground.png",
				"${PODS_ROOT}/../../mottosdkios/Assets/lens.png",
				"${PODS_ROOT}/../../mottosdkios/Assets/like.png",
				"${PODS_ROOT}/../../mottosdkios/Assets/main_mpago_ment.png",
				"${PODS_ROOT}/../../mottosdkios/Assets/main_top_ment.png",
				"${PODS_ROOT}/../../mottosdkios/Assets/ment_save_nplace.png",
				"${PODS_ROOT}/../../mottosdkios/Assets/motto_balloon_yellow.png",
				"${PODS_ROOT}/../../mottosdkios/Assets/motto_slot_bg.png",
				"${PODS_ROOT}/../../mottosdkios/Assets/move_0000.png",
				"${PODS_ROOT}/../../mottosdkios/Assets/move_0001.png",
				"${PODS_ROOT}/../../mottosdkios/Assets/move_0003.png",
				"${PODS_ROOT}/../../mottosdkios/Assets/move_0005.png",
				"${PODS_ROOT}/../../mottosdkios/Assets/move_0006.png",
				"${PODS_ROOT}/../../mottosdkios/Assets/move_0007.png",
				"${PODS_ROOT}/../../mottosdkios/Assets/move_0009.png",
				"${PODS_ROOT}/../../mottosdkios/Assets/move_0010.png",
				"${PODS_ROOT}/../../mottosdkios/Assets/move_0012.png",
				"${PODS_ROOT}/../../mottosdkios/Assets/move_0013.png",
				"${PODS_ROOT}/../../mottosdkios/Assets/move_0015.png",
				"${PODS_ROOT}/../../mottosdkios/Assets/move_0016.png",
				"${PODS_ROOT}/../../mottosdkios/Assets/move_0018.png",
				"${PODS_ROOT}/../../mottosdkios/Assets/move_0019.png",
				"${PODS_ROOT}/../../mottosdkios/Assets/move_0021.png",
				"${PODS_ROOT}/../../mottosdkios/Assets/move_0023.png",
				"${PODS_ROOT}/../../mottosdkios/Assets/move_0024.png",
				"${PODS_ROOT}/../../mottosdkios/Assets/move_0026.png",
				"${PODS_ROOT}/../../mottosdkios/Assets/move_0027.png",
				"${PODS_ROOT}/../../mottosdkios/Assets/move_0029.png",
				"${PODS_ROOT}/../../mottosdkios/Assets/move_0030.png",
				"${PODS_ROOT}/../../mottosdkios/Assets/move_0032.png",
				"${PODS_ROOT}/../../mottosdkios/Assets/move_0033.png",
				"${PODS_ROOT}/../../mottosdkios/Assets/move_0036.png",
				"${PODS_ROOT}/../../mottosdkios/Assets/move_0037.png",
				"${PODS_ROOT}/../../mottosdkios/Assets/move_0039.png",
				"${PODS_ROOT}/../../mottosdkios/Assets/move_0043.png",
				"${PODS_ROOT}/../../mottosdkios/Assets/move_0045.png",
				"${PODS_ROOT}/../../mottosdkios/Assets/move_0046.png",
				"${PODS_ROOT}/../../mottosdkios/Assets/move_0049.png",
				"${PODS_ROOT}/../../mottosdkios/Assets/move_0050.png",
				"${PODS_ROOT}/../../mottosdkios/Assets/move_0053.png",
				"${PODS_ROOT}/../../mottosdkios/Assets/move_0055.png",
				"${PODS_ROOT}/../../mottosdkios/Assets/move_0057.png",
				"${PODS_ROOT}/../../mottosdkios/Assets/move_0060.png",
				"${PODS_ROOT}/../../mottosdkios/Assets/mpago_head1.png",
				"${PODS_ROOT}/../../mottosdkios/Assets/mpago_head2.png",
				"${PODS_ROOT}/../../mottosdkios/Assets/mpago_head3.png",
				"${PODS_ROOT}/../../mottosdkios/Assets/naver_place_alarm_save_guide.png",
				"${PODS_ROOT}/../../mottosdkios/Assets/naver_place_bottom_bar_alarm.png",
				"${PODS_ROOT}/../../mottosdkios/Assets/naver_place_bottom_bar_save.png",
				"${PODS_ROOT}/../../mottosdkios/Assets/naver_process2.png",
				"${PODS_ROOT}/../../mottosdkios/Assets/naver_process_alarm.png",
				"${PODS_ROOT}/../../mottosdkios/Assets/naver_process_blog.png",
				"${PODS_ROOT}/../../mottosdkios/Assets/naver_process_blog2.png",
				"${PODS_ROOT}/../../mottosdkios/Assets/naver_process_heart2.png",
				"${PODS_ROOT}/../../mottosdkios/Assets/naver_process_login.png",
				"${PODS_ROOT}/../../mottosdkios/Assets/naver_process_place1.png",
				"${PODS_ROOT}/../../mottosdkios/Assets/naver_process_zzim.png",
				"${PODS_ROOT}/../../mottosdkios/Assets/place_traffic_guide1.png",
				"${PODS_ROOT}/../../mottosdkios/Assets/save.png",
				"${PODS_ROOT}/../../mottosdkios/Assets/splash_img1.png",
				"${PODS_ROOT}/../../mottosdkios/Assets/splash_img2.png",
				"${PODS_ROOT}/../../mottosdkios/Assets/ticket1.png",
				"${PODS_ROOT}/../../mottosdkios/Assets/ticket2.png",
				"${PODS_ROOT}/../../mottosdkios/Assets/ticket3.png",
				"${PODS_ROOT}/../../mottosdkios/Assets/traffic.png",
				"${PODS_ROOT}/../../mottosdkios/Classes/Data/MissionData.swift",
				"${PODS_ROOT}/../../mottosdkios/Classes/Data/Motto.swift",
				"${PODS_ROOT}/../../mottosdkios/Classes/Data/Network/Model/DefaultResponseModel.swift",
				"${PODS_ROOT}/../../mottosdkios/Classes/Global/Extensions/Date+.swift",
				"${PODS_ROOT}/../../mottosdkios/Classes/Global/Extensions/Notificatoin+.swift",
				"${PODS_ROOT}/../../mottosdkios/Classes/Global/Extensions/NSObject+.swift",
				"${PODS_ROOT}/../../mottosdkios/Classes/Global/Extensions/String+.swift",
				"${PODS_ROOT}/../../mottosdkios/Classes/Global/Extensions/UIButton+.swift",
				"${PODS_ROOT}/../../mottosdkios/Classes/Global/Extensions/UIColor+.swift",
				"${PODS_ROOT}/../../mottosdkios/Classes/Global/Extensions/UIImageView+.swift",
				"${PODS_ROOT}/../../mottosdkios/Classes/Global/Extensions/UIPickerView+.swift",
				"${PODS_ROOT}/../../mottosdkios/Classes/Global/Extensions/UITextView+.swift",
				"${PODS_ROOT}/../../mottosdkios/Classes/Global/Extensions/UIView+.swift",
				"${PODS_ROOT}/../../mottosdkios/Classes/Global/font/gmarketsansbold.ttf",
				"${PODS_ROOT}/../../mottosdkios/Classes/Global/Literal/Const.swift",
				"${PODS_ROOT}/../../mottosdkios/Classes/Global/Literal/Images.swift",
				"${PODS_ROOT}/../../mottosdkios/Classes/Global/Utils/Utils.swift",
				"${PODS_ROOT}/../../mottosdkios/Classes/Presentation/Cells/TopTabBarCollectionViewCell.swift",
				"${PODS_ROOT}/../../mottosdkios/Classes/Presentation/VCs/AccountViewController.swift",
				"${PODS_ROOT}/../../mottosdkios/Classes/Presentation/VCs/AdMissionViewController.swift",
				"${PODS_ROOT}/../../mottosdkios/Classes/Presentation/VCs/ads/AdCpcViewController.swift",
				"${PODS_ROOT}/../../mottosdkios/Classes/Presentation/VCs/ads/AdCpvViewController.swift",
				"${PODS_ROOT}/../../mottosdkios/Classes/Presentation/VCs/ads/AdNetworkViewController.swift",
				"${PODS_ROOT}/../../mottosdkios/Classes/Presentation/VCs/ads/adunit/AdUnitAdmob.swift",
				"${PODS_ROOT}/../../mottosdkios/Classes/Presentation/VCs/ads/adunit/AdUnitAdpopcorn.swift",
				"${PODS_ROOT}/../../mottosdkios/Classes/Presentation/VCs/ads/adunit/AdUnitBase.swift",
				"${PODS_ROOT}/../../mottosdkios/Classes/Presentation/VCs/ads/adunit/AdUnitPangle.swift",
				"${PODS_ROOT}/../../mottosdkios/Classes/Presentation/VCs/ads/adunit/AdUnitUnity.swift",
				"${PODS_ROOT}/../../mottosdkios/Classes/Presentation/VCs/ads/adunit/AdUnitVungle.swift",
				"${PODS_ROOT}/../../mottosdkios/Classes/Presentation/VCs/BaseCampaignViewController.swift",
				"${PODS_ROOT}/../../mottosdkios/Classes/Presentation/VCs/BaseLibVC.swift",
				"${PODS_ROOT}/../../mottosdkios/Classes/Presentation/VCs/BaseViewController.swift",
				"${PODS_ROOT}/../../mottosdkios/Classes/Presentation/VCs/DialogViewController.swift",
				"${PODS_ROOT}/../../mottosdkios/Classes/Presentation/VCs/FavorViewController.swift",
				"${PODS_ROOT}/../../mottosdkios/Classes/Presentation/VCs/GuideCommViewController.swift",
				"${PODS_ROOT}/../../mottosdkios/Classes/Presentation/VCs/GuideViewController.swift",
				"${PODS_ROOT}/../../mottosdkios/Classes/Presentation/VCs/HallOfFameViewController.swift",
				"${PODS_ROOT}/../../mottosdkios/Classes/Presentation/VCs/human/AutoKeywordViewController.swift",
				"${PODS_ROOT}/../../mottosdkios/Classes/Presentation/VCs/human/HumanNaverViewController.swift",
				"${PODS_ROOT}/../../mottosdkios/Classes/Presentation/VCs/human/SiteTrafficViewController.swift",
				"${PODS_ROOT}/../../mottosdkios/Classes/Presentation/VCs/inapp/SiteTrafficInappViewController.swift",
				"${PODS_ROOT}/../../mottosdkios/Classes/Presentation/VCs/IndexViewController.swift",
				"${PODS_ROOT}/../../mottosdkios/Classes/Presentation/VCs/MissionFailViewController.swift",
				"${PODS_ROOT}/../../mottosdkios/Classes/Presentation/VCs/MyMottoViewController.swift",
				"${PODS_ROOT}/../../mottosdkios/Classes/Presentation/VCs/NewHallOfFameViewController.swift",
				"${PODS_ROOT}/../../mottosdkios/Classes/Presentation/VCs/NewHomeViewController.swift",
				"${PODS_ROOT}/../../mottosdkios/Classes/Presentation/VCs/PrizeNumberViewController.swift",
				"${PODS_ROOT}/../../mottosdkios/Classes/Presentation/VCs/RewardFailViewController.swift",
				"${PODS_ROOT}/../../mottosdkios/Classes/Presentation/VCs/TestVC.swift",
				"${PODS_ROOT}/../../mottosdkios/Classes/Presentation/VCs/TestViewController.swift",
				"${PODS_ROOT}/../../mottosdkios/Classes/Presentation/Views/AdBaseView.swift",
				"${PODS_ROOT}/../../mottosdkios/Classes/Presentation/Views/AdCrawlingView.swift",
				"${PODS_ROOT}/../../mottosdkios/Classes/Presentation/Views/AdHumanView.swift",
				"${PODS_ROOT}/../../mottosdkios/Classes/Presentation/Views/AdNBlogView.swift",
				"${PODS_ROOT}/../../mottosdkios/Classes/Presentation/Views/AdNFavorView.swift",
				"${PODS_ROOT}/../../mottosdkios/Classes/Presentation/Views/AdNPlaceAlarmSaveView.swift",
				"${PODS_ROOT}/../../mottosdkios/Classes/Presentation/Views/AdNPlaceView.swift",
				"${PODS_ROOT}/../../mottosdkios/Classes/Presentation/Views/AdNPTrafficView.swift",
				"${PODS_ROOT}/../../mottosdkios/Classes/Presentation/Views/AdNSTrafficView.swift",
				"${PODS_ROOT}/../../mottosdkios/Classes/Presentation/Views/BaseView.swift",
				"${PODS_ROOT}/../../mottosdkios/Classes/Presentation/Views/DialogView.swift",
				"${PODS_ROOT}/../../mottosdkios/Classes/Presentation/Views/FavorView.swift",
				"${PODS_ROOT}/../../mottosdkios/Classes/Presentation/Views/GuideCommView.swift",
				"${PODS_ROOT}/../../mottosdkios/Classes/Presentation/Views/GuideNplaceHomeView.swift",
				"${PODS_ROOT}/../../mottosdkios/Classes/Presentation/Views/GuideView.swift",
				"${PODS_ROOT}/../../mottosdkios/Classes/Presentation/Views/inapp/AdInstagramView.swift",
				"${PODS_ROOT}/../../mottosdkios/Classes/Presentation/Views/LoadingIndicator.swift",
				"${PODS_ROOT}/../../mottosdkios/Classes/Presentation/Views/MissionFailView.swift",
				"${PODS_ROOT}/../../mottosdkios/Classes/Presentation/Views/RewardFailView.swift",
				"${PODS_ROOT}/../../mottosdkios/Classes/Presentation/Views/TopTabBarView.swift",
				"${PODS_ROOT}/../../mottosdkios/Classes/ReplaceMe.swift",
				"${PODS_ROOT}/../../mottosdkios/temp.swift",
				"${PODS_ROOT}/../../mottosdkios/Assets",
				"${PODS_ROOT}/../../mottosdkios/Classes",
				"${PODS_ROOT}/../../mottosdkios/Classes/Data",
				"${PODS_ROOT}/../../mottosdkios/Classes/Data/Network",
				"${PODS_ROOT}/../../mottosdkios/Classes/Data/Network/Model",
				"${PODS_ROOT}/../../mottosdkios/Classes/Global",
				"${PODS_ROOT}/../../mottosdkios/Classes/Global/Extensions",
				"${PODS_ROOT}/../../mottosdkios/Classes/Global/font",
				"${PODS_ROOT}/../../mottosdkios/Classes/Global/Literal",
				"${PODS_ROOT}/../../mottosdkios/Classes/Global/Utils",
				"${PODS_ROOT}/../../mottosdkios/Classes/Presentation",
				"${PODS_ROOT}/../../mottosdkios/Classes/Presentation/Cells",
				"${PODS_ROOT}/../../mottosdkios/Classes/Presentation/VCs",
				"${PODS_ROOT}/../../mottosdkios/Classes/Presentation/VCs/ads",
				"${PODS_ROOT}/../../mottosdkios/Classes/Presentation/VCs/ads/adunit",
				"${PODS_ROOT}/../../mottosdkios/Classes/Presentation/VCs/human",
				"${PODS_ROOT}/../../mottosdkios/Classes/Presentation/VCs/inapp",
				"${PODS_ROOT}/../../mottosdkios/Classes/Presentation/Views",
				"${PODS_ROOT}/../../mottosdkios/Classes/Presentation/Views/ads",
				"${PODS_ROOT}/../../mottosdkios/Classes/Presentation/Views/inapp",
				"${PODS_CONFIGURATION_BUILD_DIR}/mottosdkios/mottosdk.bundle",
			);
			name = "[CP] Copy Pods Resources";
			outputPaths = (
				"${TARGET_BUILD_DIR}/${UNLOCALIZED_RESOURCES_FOLDER_PATH}/UnityAdsResources.bundle",
				"${TARGET_BUILD_DIR}/${UNLOCALIZED_RESOURCES_FOLDER_PATH}/VungleAds.bundle",
				"${TARGET_BUILD_DIR}/${UNLOCALIZED_RESOURCES_FOLDER_PATH}/bg_slot_machine.png",
				"${TARGET_BUILD_DIR}/${UNLOCALIZED_RESOURCES_FOLDER_PATH}/btn_mission_info.png",
				"${TARGET_BUILD_DIR}/${UNLOCALIZED_RESOURCES_FOLDER_PATH}/btn_motto_start.png",
				"${TARGET_BUILD_DIR}/${UNLOCALIZED_RESOURCES_FOLDER_PATH}/btn_motto_ticket.png",
				"${TARGET_BUILD_DIR}/${UNLOCALIZED_RESOURCES_FOLDER_PATH}/icon_check_circle.png",
				"${TARGET_BUILD_DIR}/${UNLOCALIZED_RESOURCES_FOLDER_PATH}/icon_close.png",
				"${TARGET_BUILD_DIR}/${UNLOCALIZED_RESOURCES_FOLDER_PATH}/icon_home_title_dark2.png",
				"${TARGET_BUILD_DIR}/${UNLOCALIZED_RESOURCES_FOLDER_PATH}/icon_home_title_light2.png",
				"${TARGET_BUILD_DIR}/${UNLOCALIZED_RESOURCES_FOLDER_PATH}/icon_motto_draw.png",
				"${TARGET_BUILD_DIR}/${UNLOCALIZED_RESOURCES_FOLDER_PATH}/icon_notice_dark.png",
				"${TARGET_BUILD_DIR}/${UNLOCALIZED_RESOURCES_FOLDER_PATH}/icon_notice_light.png",
				"${TARGET_BUILD_DIR}/${UNLOCALIZED_RESOURCES_FOLDER_PATH}/icon_retry.png",
				"${TARGET_BUILD_DIR}/${UNLOCALIZED_RESOURCES_FOLDER_PATH}/icon_ticket.png",
				"${TARGET_BUILD_DIR}/${UNLOCALIZED_RESOURCES_FOLDER_PATH}/ic_arrow_left.png",
				"${TARGET_BUILD_DIR}/${UNLOCALIZED_RESOURCES_FOLDER_PATH}/ic_clock.png",
				"${TARGET_BUILD_DIR}/${UNLOCALIZED_RESOURCES_FOLDER_PATH}/ic_launcher_foreground.png",
				"${TARGET_BUILD_DIR}/${UNLOCALIZED_RESOURCES_FOLDER_PATH}/lens.png",
				"${TARGET_BUILD_DIR}/${UNLOCALIZED_RESOURCES_FOLDER_PATH}/like.png",
				"${TARGET_BUILD_DIR}/${UNLOCALIZED_RESOURCES_FOLDER_PATH}/main_mpago_ment.png",
				"${TARGET_BUILD_DIR}/${UNLOCALIZED_RESOURCES_FOLDER_PATH}/main_top_ment.png",
				"${TARGET_BUILD_DIR}/${UNLOCALIZED_RESOURCES_FOLDER_PATH}/ment_save_nplace.png",
				"${TARGET_BUILD_DIR}/${UNLOCALIZED_RESOURCES_FOLDER_PATH}/motto_balloon_yellow.png",
				"${TARGET_BUILD_DIR}/${UNLOCALIZED_RESOURCES_FOLDER_PATH}/motto_slot_bg.png",
				"${TARGET_BUILD_DIR}/${UNLOCALIZED_RESOURCES_FOLDER_PATH}/move_0000.png",
				"${TARGET_BUILD_DIR}/${UNLOCALIZED_RESOURCES_FOLDER_PATH}/move_0001.png",
				"${TARGET_BUILD_DIR}/${UNLOCALIZED_RESOURCES_FOLDER_PATH}/move_0003.png",
				"${TARGET_BUILD_DIR}/${UNLOCALIZED_RESOURCES_FOLDER_PATH}/move_0005.png",
				"${TARGET_BUILD_DIR}/${UNLOCALIZED_RESOURCES_FOLDER_PATH}/move_0006.png",
				"${TARGET_BUILD_DIR}/${UNLOCALIZED_RESOURCES_FOLDER_PATH}/move_0007.png",
				"${TARGET_BUILD_DIR}/${UNLOCALIZED_RESOURCES_FOLDER_PATH}/move_0009.png",
				"${TARGET_BUILD_DIR}/${UNLOCALIZED_RESOURCES_FOLDER_PATH}/move_0010.png",
				"${TARGET_BUILD_DIR}/${UNLOCALIZED_RESOURCES_FOLDER_PATH}/move_0012.png",
				"${TARGET_BUILD_DIR}/${UNLOCALIZED_RESOURCES_FOLDER_PATH}/move_0013.png",
				"${TARGET_BUILD_DIR}/${UNLOCALIZED_RESOURCES_FOLDER_PATH}/move_0015.png",
				"${TARGET_BUILD_DIR}/${UNLOCALIZED_RESOURCES_FOLDER_PATH}/move_0016.png",
				"${TARGET_BUILD_DIR}/${UNLOCALIZED_RESOURCES_FOLDER_PATH}/move_0018.png",
				"${TARGET_BUILD_DIR}/${UNLOCALIZED_RESOURCES_FOLDER_PATH}/move_0019.png",
				"${TARGET_BUILD_DIR}/${UNLOCALIZED_RESOURCES_FOLDER_PATH}/move_0021.png",
				"${TARGET_BUILD_DIR}/${UNLOCALIZED_RESOURCES_FOLDER_PATH}/move_0023.png",
				"${TARGET_BUILD_DIR}/${UNLOCALIZED_RESOURCES_FOLDER_PATH}/move_0024.png",
				"${TARGET_BUILD_DIR}/${UNLOCALIZED_RESOURCES_FOLDER_PATH}/move_0026.png",
				"${TARGET_BUILD_DIR}/${UNLOCALIZED_RESOURCES_FOLDER_PATH}/move_0027.png",
				"${TARGET_BUILD_DIR}/${UNLOCALIZED_RESOURCES_FOLDER_PATH}/move_0029.png",
				"${TARGET_BUILD_DIR}/${UNLOCALIZED_RESOURCES_FOLDER_PATH}/move_0030.png",
				"${TARGET_BUILD_DIR}/${UNLOCALIZED_RESOURCES_FOLDER_PATH}/move_0032.png",
				"${TARGET_BUILD_DIR}/${UNLOCALIZED_RESOURCES_FOLDER_PATH}/move_0033.png",
				"${TARGET_BUILD_DIR}/${UNLOCALIZED_RESOURCES_FOLDER_PATH}/move_0036.png",
				"${TARGET_BUILD_DIR}/${UNLOCALIZED_RESOURCES_FOLDER_PATH}/move_0037.png",
				"${TARGET_BUILD_DIR}/${UNLOCALIZED_RESOURCES_FOLDER_PATH}/move_0039.png",
				"${TARGET_BUILD_DIR}/${UNLOCALIZED_RESOURCES_FOLDER_PATH}/move_0043.png",
				"${TARGET_BUILD_DIR}/${UNLOCALIZED_RESOURCES_FOLDER_PATH}/move_0045.png",
				"${TARGET_BUILD_DIR}/${UNLOCALIZED_RESOURCES_FOLDER_PATH}/move_0046.png",
				"${TARGET_BUILD_DIR}/${UNLOCALIZED_RESOURCES_FOLDER_PATH}/move_0049.png",
				"${TARGET_BUILD_DIR}/${UNLOCALIZED_RESOURCES_FOLDER_PATH}/move_0050.png",
				"${TARGET_BUILD_DIR}/${UNLOCALIZED_RESOURCES_FOLDER_PATH}/move_0053.png",
				"${TARGET_BUILD_DIR}/${UNLOCALIZED_RESOURCES_FOLDER_PATH}/move_0055.png",
				"${TARGET_BUILD_DIR}/${UNLOCALIZED_RESOURCES_FOLDER_PATH}/move_0057.png",
				"${TARGET_BUILD_DIR}/${UNLOCALIZED_RESOURCES_FOLDER_PATH}/move_0060.png",
				"${TARGET_BUILD_DIR}/${UNLOCALIZED_RESOURCES_FOLDER_PATH}/mpago_head1.png",
				"${TARGET_BUILD_DIR}/${UNLOCALIZED_RESOURCES_FOLDER_PATH}/mpago_head2.png",
				"${TARGET_BUILD_DIR}/${UNLOCALIZED_RESOURCES_FOLDER_PATH}/mpago_head3.png",
				"${TARGET_BUILD_DIR}/${UNLOCALIZED_RESOURCES_FOLDER_PATH}/naver_place_alarm_save_guide.png",
				"${TARGET_BUILD_DIR}/${UNLOCALIZED_RESOURCES_FOLDER_PATH}/naver_place_bottom_bar_alarm.png",
				"${TARGET_BUILD_DIR}/${UNLOCALIZED_RESOURCES_FOLDER_PATH}/naver_place_bottom_bar_save.png",
				"${TARGET_BUILD_DIR}/${UNLOCALIZED_RESOURCES_FOLDER_PATH}/naver_process2.png",
				"${TARGET_BUILD_DIR}/${UNLOCALIZED_RESOURCES_FOLDER_PATH}/naver_process_alarm.png",
				"${TARGET_BUILD_DIR}/${UNLOCALIZED_RESOURCES_FOLDER_PATH}/naver_process_blog.png",
				"${TARGET_BUILD_DIR}/${UNLOCALIZED_RESOURCES_FOLDER_PATH}/naver_process_blog2.png",
				"${TARGET_BUILD_DIR}/${UNLOCALIZED_RESOURCES_FOLDER_PATH}/naver_process_heart2.png",
				"${TARGET_BUILD_DIR}/${UNLOCALIZED_RESOURCES_FOLDER_PATH}/naver_process_login.png",
				"${TARGET_BUILD_DIR}/${UNLOCALIZED_RESOURCES_FOLDER_PATH}/naver_process_place1.png",
				"${TARGET_BUILD_DIR}/${UNLOCALIZED_RESOURCES_FOLDER_PATH}/naver_process_zzim.png",
				"${TARGET_BUILD_DIR}/${UNLOCALIZED_RESOURCES_FOLDER_PATH}/place_traffic_guide1.png",
				"${TARGET_BUILD_DIR}/${UNLOCALIZED_RESOURCES_FOLDER_PATH}/save.png",
				"${TARGET_BUILD_DIR}/${UNLOCALIZED_RESOURCES_FOLDER_PATH}/splash_img1.png",
				"${TARGET_BUILD_DIR}/${UNLOCALIZED_RESOURCES_FOLDER_PATH}/splash_img2.png",
				"${TARGET_BUILD_DIR}/${UNLOCALIZED_RESOURCES_FOLDER_PATH}/ticket1.png",
				"${TARGET_BUILD_DIR}/${UNLOCALIZED_RESOURCES_FOLDER_PATH}/ticket2.png",
				"${TARGET_BUILD_DIR}/${UNLOCALIZED_RESOURCES_FOLDER_PATH}/ticket3.png",
				"${TARGET_BUILD_DIR}/${UNLOCALIZED_RESOURCES_FOLDER_PATH}/traffic.png",
				"${TARGET_BUILD_DIR}/${UNLOCALIZED_RESOURCES_FOLDER_PATH}/MissionData.swift",
				"${TARGET_BUILD_DIR}/${UNLOCALIZED_RESOURCES_FOLDER_PATH}/Motto.swift",
				"${TARGET_BUILD_DIR}/${UNLOCALIZED_RESOURCES_FOLDER_PATH}/DefaultResponseModel.swift",
				"${TARGET_BUILD_DIR}/${UNLOCALIZED_RESOURCES_FOLDER_PATH}/Date+.swift",
				"${TARGET_BUILD_DIR}/${UNLOCALIZED_RESOURCES_FOLDER_PATH}/Notificatoin+.swift",
				"${TARGET_BUILD_DIR}/${UNLOCALIZED_RESOURCES_FOLDER_PATH}/NSObject+.swift",
				"${TARGET_BUILD_DIR}/${UNLOCALIZED_RESOURCES_FOLDER_PATH}/String+.swift",
				"${TARGET_BUILD_DIR}/${UNLOCALIZED_RESOURCES_FOLDER_PATH}/UIButton+.swift",
				"${TARGET_BUILD_DIR}/${UNLOCALIZED_RESOURCES_FOLDER_PATH}/UIColor+.swift",
				"${TARGET_BUILD_DIR}/${UNLOCALIZED_RESOURCES_FOLDER_PATH}/UIImageView+.swift",
				"${TARGET_BUILD_DIR}/${UNLOCALIZED_RESOURCES_FOLDER_PATH}/UIPickerView+.swift",
				"${TARGET_BUILD_DIR}/${UNLOCALIZED_RESOURCES_FOLDER_PATH}/UITextView+.swift",
				"${TARGET_BUILD_DIR}/${UNLOCALIZED_RESOURCES_FOLDER_PATH}/UIView+.swift",
				"${TARGET_BUILD_DIR}/${UNLOCALIZED_RESOURCES_FOLDER_PATH}/gmarketsansbold.ttf",
				"${TARGET_BUILD_DIR}/${UNLOCALIZED_RESOURCES_FOLDER_PATH}/Const.swift",
				"${TARGET_BUILD_DIR}/${UNLOCALIZED_RESOURCES_FOLDER_PATH}/Images.swift",
				"${TARGET_BUILD_DIR}/${UNLOCALIZED_RESOURCES_FOLDER_PATH}/Utils.swift",
				"${TARGET_BUILD_DIR}/${UNLOCALIZED_RESOURCES_FOLDER_PATH}/TopTabBarCollectionViewCell.swift",
				"${TARGET_BUILD_DIR}/${UNLOCALIZED_RESOURCES_FOLDER_PATH}/AccountViewController.swift",
				"${TARGET_BUILD_DIR}/${UNLOCALIZED_RESOURCES_FOLDER_PATH}/AdMissionViewController.swift",
				"${TARGET_BUILD_DIR}/${UNLOCALIZED_RESOURCES_FOLDER_PATH}/AdCpcViewController.swift",
				"${TARGET_BUILD_DIR}/${UNLOCALIZED_RESOURCES_FOLDER_PATH}/AdCpvViewController.swift",
				"${TARGET_BUILD_DIR}/${UNLOCALIZED_RESOURCES_FOLDER_PATH}/AdNetworkViewController.swift",
				"${TARGET_BUILD_DIR}/${UNLOCALIZED_RESOURCES_FOLDER_PATH}/AdUnitAdmob.swift",
				"${TARGET_BUILD_DIR}/${UNLOCALIZED_RESOURCES_FOLDER_PATH}/AdUnitAdpopcorn.swift",
				"${TARGET_BUILD_DIR}/${UNLOCALIZED_RESOURCES_FOLDER_PATH}/AdUnitBase.swift",
				"${TARGET_BUILD_DIR}/${UNLOCALIZED_RESOURCES_FOLDER_PATH}/AdUnitPangle.swift",
				"${TARGET_BUILD_DIR}/${UNLOCALIZED_RESOURCES_FOLDER_PATH}/AdUnitUnity.swift",
				"${TARGET_BUILD_DIR}/${UNLOCALIZED_RESOURCES_FOLDER_PATH}/AdUnitVungle.swift",
				"${TARGET_BUILD_DIR}/${UNLOCALIZED_RESOURCES_FOLDER_PATH}/BaseCampaignViewController.swift",
				"${TARGET_BUILD_DIR}/${UNLOCALIZED_RESOURCES_FOLDER_PATH}/BaseLibVC.swift",
				"${TARGET_BUILD_DIR}/${UNLOCALIZED_RESOURCES_FOLDER_PATH}/BaseViewController.swift",
				"${TARGET_BUILD_DIR}/${UNLOCALIZED_RESOURCES_FOLDER_PATH}/DialogViewController.swift",
				"${TARGET_BUILD_DIR}/${UNLOCALIZED_RESOURCES_FOLDER_PATH}/FavorViewController.swift",
				"${TARGET_BUILD_DIR}/${UNLOCALIZED_RESOURCES_FOLDER_PATH}/GuideCommViewController.swift",
				"${TARGET_BUILD_DIR}/${UNLOCALIZED_RESOURCES_FOLDER_PATH}/GuideViewController.swift",
				"${TARGET_BUILD_DIR}/${UNLOCALIZED_RESOURCES_FOLDER_PATH}/HallOfFameViewController.swift",
				"${TARGET_BUILD_DIR}/${UNLOCALIZED_RESOURCES_FOLDER_PATH}/AutoKeywordViewController.swift",
				"${TARGET_BUILD_DIR}/${UNLOCALIZED_RESOURCES_FOLDER_PATH}/HumanNaverViewController.swift",
				"${TARGET_BUILD_DIR}/${UNLOCALIZED_RESOURCES_FOLDER_PATH}/SiteTrafficViewController.swift",
				"${TARGET_BUILD_DIR}/${UNLOCALIZED_RESOURCES_FOLDER_PATH}/SiteTrafficInappViewController.swift",
				"${TARGET_BUILD_DIR}/${UNLOCALIZED_RESOURCES_FOLDER_PATH}/IndexViewController.swift",
				"${TARGET_BUILD_DIR}/${UNLOCALIZED_RESOURCES_FOLDER_PATH}/MissionFailViewController.swift",
				"${TARGET_BUILD_DIR}/${UNLOCALIZED_RESOURCES_FOLDER_PATH}/MyMottoViewController.swift",
				"${TARGET_BUILD_DIR}/${UNLOCALIZED_RESOURCES_FOLDER_PATH}/NewHallOfFameViewController.swift",
				"${TARGET_BUILD_DIR}/${UNLOCALIZED_RESOURCES_FOLDER_PATH}/NewHomeViewController.swift",
				"${TARGET_BUILD_DIR}/${UNLOCALIZED_RESOURCES_FOLDER_PATH}/PrizeNumberViewController.swift",
				"${TARGET_BUILD_DIR}/${UNLOCALIZED_RESOURCES_FOLDER_PATH}/RewardFailViewController.swift",
				"${TARGET_BUILD_DIR}/${UNLOCALIZED_RESOURCES_FOLDER_PATH}/TestVC.swift",
				"${TARGET_BUILD_DIR}/${UNLOCALIZED_RESOURCES_FOLDER_PATH}/TestViewController.swift",
				"${TARGET_BUILD_DIR}/${UNLOCALIZED_RESOURCES_FOLDER_PATH}/AdBaseView.swift",
				"${TARGET_BUILD_DIR}/${UNLOCALIZED_RESOURCES_FOLDER_PATH}/AdCrawlingView.swift",
				"${TARGET_BUILD_DIR}/${UNLOCALIZED_RESOURCES_FOLDER_PATH}/AdHumanView.swift",
				"${TARGET_BUILD_DIR}/${UNLOCALIZED_RESOURCES_FOLDER_PATH}/AdNBlogView.swift",
				"${TARGET_BUILD_DIR}/${UNLOCALIZED_RESOURCES_FOLDER_PATH}/AdNFavorView.swift",
				"${TARGET_BUILD_DIR}/${UNLOCALIZED_RESOURCES_FOLDER_PATH}/AdNPlaceAlarmSaveView.swift",
				"${TARGET_BUILD_DIR}/${UNLOCALIZED_RESOURCES_FOLDER_PATH}/AdNPlaceView.swift",
				"${TARGET_BUILD_DIR}/${UNLOCALIZED_RESOURCES_FOLDER_PATH}/AdNPTrafficView.swift",
				"${TARGET_BUILD_DIR}/${UNLOCALIZED_RESOURCES_FOLDER_PATH}/AdNSTrafficView.swift",
				"${TARGET_BUILD_DIR}/${UNLOCALIZED_RESOURCES_FOLDER_PATH}/BaseView.swift",
				"${TARGET_BUILD_DIR}/${UNLOCALIZED_RESOURCES_FOLDER_PATH}/DialogView.swift",
				"${TARGET_BUILD_DIR}/${UNLOCALIZED_RESOURCES_FOLDER_PATH}/FavorView.swift",
				"${TARGET_BUILD_DIR}/${UNLOCALIZED_RESOURCES_FOLDER_PATH}/GuideCommView.swift",
				"${TARGET_BUILD_DIR}/${UNLOCALIZED_RESOURCES_FOLDER_PATH}/GuideNplaceHomeView.swift",
				"${TARGET_BUILD_DIR}/${UNLOCALIZED_RESOURCES_FOLDER_PATH}/GuideView.swift",
				"${TARGET_BUILD_DIR}/${UNLOCALIZED_RESOURCES_FOLDER_PATH}/AdInstagramView.swift",
				"${TARGET_BUILD_DIR}/${UNLOCALIZED_RESOURCES_FOLDER_PATH}/LoadingIndicator.swift",
				"${TARGET_BUILD_DIR}/${UNLOCALIZED_RESOURCES_FOLDER_PATH}/MissionFailView.swift",
				"${TARGET_BUILD_DIR}/${UNLOCALIZED_RESOURCES_FOLDER_PATH}/RewardFailView.swift",
				"${TARGET_BUILD_DIR}/${UNLOCALIZED_RESOURCES_FOLDER_PATH}/TopTabBarView.swift",
				"${TARGET_BUILD_DIR}/${UNLOCALIZED_RESOURCES_FOLDER_PATH}/ReplaceMe.swift",
				"${TARGET_BUILD_DIR}/${UNLOCALIZED_RESOURCES_FOLDER_PATH}/temp.swift",
				"${TARGET_BUILD_DIR}/${UNLOCALIZED_RESOURCES_FOLDER_PATH}/Assets",
				"${TARGET_BUILD_DIR}/${UNLOCALIZED_RESOURCES_FOLDER_PATH}/Classes",
				"${TARGET_BUILD_DIR}/${UNLOCALIZED_RESOURCES_FOLDER_PATH}/Data",
				"${TARGET_BUILD_DIR}/${UNLOCALIZED_RESOURCES_FOLDER_PATH}/Network",
				"${TARGET_BUILD_DIR}/${UNLOCALIZED_RESOURCES_FOLDER_PATH}/Model",
				"${TARGET_BUILD_DIR}/${UNLOCALIZED_RESOURCES_FOLDER_PATH}/Global",
				"${TARGET_BUILD_DIR}/${UNLOCALIZED_RESOURCES_FOLDER_PATH}/Extensions",
				"${TARGET_BUILD_DIR}/${UNLOCALIZED_RESOURCES_FOLDER_PATH}/font",
				"${TARGET_BUILD_DIR}/${UNLOCALIZED_RESOURCES_FOLDER_PATH}/Literal",
				"${TARGET_BUILD_DIR}/${UNLOCALIZED_RESOURCES_FOLDER_PATH}/Utils",
				"${TARGET_BUILD_DIR}/${UNLOCALIZED_RESOURCES_FOLDER_PATH}/Presentation",
				"${TARGET_BUILD_DIR}/${UNLOCALIZED_RESOURCES_FOLDER_PATH}/Cells",
				"${TARGET_BUILD_DIR}/${UNLOCALIZED_RESOURCES_FOLDER_PATH}/VCs",
				"${TARGET_BUILD_DIR}/${UNLOCALIZED_RESOURCES_FOLDER_PATH}/ads",
				"${TARGET_BUILD_DIR}/${UNLOCALIZED_RESOURCES_FOLDER_PATH}/adunit",
				"${TARGET_BUILD_DIR}/${UNLOCALIZED_RESOURCES_FOLDER_PATH}/human",
				"${TARGET_BUILD_DIR}/${UNLOCALIZED_RESOURCES_FOLDER_PATH}/inapp",
				"${TARGET_BUILD_DIR}/${UNLOCALIZED_RESOURCES_FOLDER_PATH}/Views",
				"${TARGET_BUILD_DIR}/${UNLOCALIZED_RESOURCES_FOLDER_PATH}/mottosdk.bundle",
			);
			runOnlyForDeploymentPostprocessing = 0;
			shellPath = /bin/sh;
			shellScript = "\"${PODS_ROOT}/Target Support Files/Pods-mottosdkios_Example/Pods-mottosdkios_Example-resources.sh\"\n";
			showEnvVarsInLog = 0;
		};
		B1E227D0CD2CB6DCB11329BD /* [CP] Check Pods Manifest.lock */ = {
			isa = PBXShellScriptBuildPhase;
			buildActionMask = 2147483647;
			files = (
			);
			inputFileListPaths = (
			);
			inputPaths = (
				"${PODS_PODFILE_DIR_PATH}/Podfile.lock",
				"${PODS_ROOT}/Manifest.lock",
			);
			name = "[CP] Check Pods Manifest.lock";
			outputFileListPaths = (
			);
			outputPaths = (
				"$(DERIVED_FILE_DIR)/Pods-mottosdkios_Tests-checkManifestLockResult.txt",
			);
			runOnlyForDeploymentPostprocessing = 0;
			shellPath = /bin/sh;
			shellScript = "diff \"${PODS_PODFILE_DIR_PATH}/Podfile.lock\" \"${PODS_ROOT}/Manifest.lock\" > /dev/null\nif [ $? != 0 ] ; then\n    # print error to STDERR\n    echo \"error: The sandbox is not in sync with the Podfile.lock. Run 'pod install' or update your CocoaPods installation.\" >&2\n    exit 1\nfi\n# This output is used by Xcode 'outputs' to avoid re-running this script phase.\necho \"SUCCESS\" > \"${SCRIPT_OUTPUT_FILE_0}\"\n";
			showEnvVarsInLog = 0;
		};
/* End PBXShellScriptBuildPhase section */

/* Begin PBXSourcesBuildPhase section */
		607FACCC1AFB9204008FA782 /* Sources */ = {
			isa = PBXSourcesBuildPhase;
			buildActionMask = 2147483647;
			files = (
				607FACD81AFB9204008FA782 /* ViewController.swift in Sources */,
				607FACD61AFB9204008FA782 /* AppDelegate.swift in Sources */,
			);
			runOnlyForDeploymentPostprocessing = 0;
		};
		607FACE11AFB9204008FA782 /* Sources */ = {
			isa = PBXSourcesBuildPhase;
			buildActionMask = 2147483647;
			files = (
				607FACEC1AFB9204008FA782 /* Tests.swift in Sources */,
			);
			runOnlyForDeploymentPostprocessing = 0;
		};
/* End PBXSourcesBuildPhase section */

/* Begin PBXTargetDependency section */
		607FACE71AFB9204008FA782 /* PBXTargetDependency */ = {
			isa = PBXTargetDependency;
			target = 607FACCF1AFB9204008FA782 /* mottosdkios_Example */;
			targetProxy = 607FACE61AFB9204008FA782 /* PBXContainerItemProxy */;
		};
/* End PBXTargetDependency section */

/* Begin PBXVariantGroup section */
		607FACD91AFB9204008FA782 /* Main.storyboard */ = {
			isa = PBXVariantGroup;
			children = (
				607FACDA1AFB9204008FA782 /* Base */,
			);
			name = Main.storyboard;
			sourceTree = "<group>";
		};
		607FACDE1AFB9204008FA782 /* LaunchScreen.xib */ = {
			isa = PBXVariantGroup;
			children = (
				607FACDF1AFB9204008FA782 /* Base */,
			);
			name = LaunchScreen.xib;
			sourceTree = "<group>";
		};
/* End PBXVariantGroup section */

/* Begin XCBuildConfiguration section */
		607FACED1AFB9204008FA782 /* Debug */ = {
			isa = XCBuildConfiguration;
			buildSettings = {
				ALWAYS_SEARCH_USER_PATHS = NO;
				CLANG_CXX_LANGUAGE_STANDARD = "gnu++0x";
				CLANG_CXX_LIBRARY = "libc++";
				CLANG_ENABLE_MODULES = YES;
				CLANG_ENABLE_OBJC_ARC = YES;
				CLANG_WARN_BLOCK_CAPTURE_AUTORELEASING = YES;
				CLANG_WARN_BOOL_CONVERSION = YES;
				CLANG_WARN_COMMA = YES;
				CLANG_WARN_CONSTANT_CONVERSION = YES;
				CLANG_WARN_DIRECT_OBJC_ISA_USAGE = YES_ERROR;
				CLANG_WARN_EMPTY_BODY = YES;
				CLANG_WARN_ENUM_CONVERSION = YES;
				CLANG_WARN_INFINITE_RECURSION = YES;
				CLANG_WARN_INT_CONVERSION = YES;
				CLANG_WARN_NON_LITERAL_NULL_CONVERSION = YES;
				CLANG_WARN_OBJC_LITERAL_CONVERSION = YES;
				CLANG_WARN_OBJC_ROOT_CLASS = YES_ERROR;
				CLANG_WARN_RANGE_LOOP_ANALYSIS = YES;
				CLANG_WARN_STRICT_PROTOTYPES = YES;
				CLANG_WARN_SUSPICIOUS_MOVE = YES;
				CLANG_WARN_UNREACHABLE_CODE = YES;
				CLANG_WARN__DUPLICATE_METHOD_MATCH = YES;
				"CODE_SIGN_IDENTITY[sdk=iphoneos*]" = "iPhone Developer";
				COPY_PHASE_STRIP = NO;
				DEBUG_INFORMATION_FORMAT = "dwarf-with-dsym";
				ENABLE_STRICT_OBJC_MSGSEND = YES;
				ENABLE_TESTABILITY = YES;
				ENABLE_TESTING_SEARCH_PATHS = YES;
				GCC_C_LANGUAGE_STANDARD = gnu99;
				GCC_DYNAMIC_NO_PIC = NO;
				GCC_NO_COMMON_BLOCKS = YES;
				GCC_OPTIMIZATION_LEVEL = 0;
				GCC_PREPROCESSOR_DEFINITIONS = (
					"DEBUG=1",
					"$(inherited)",
				);
				GCC_SYMBOLS_PRIVATE_EXTERN = NO;
				GCC_WARN_64_TO_32_BIT_CONVERSION = YES;
				GCC_WARN_ABOUT_RETURN_TYPE = YES_ERROR;
				GCC_WARN_UNDECLARED_SELECTOR = YES;
				GCC_WARN_UNINITIALIZED_AUTOS = YES_AGGRESSIVE;
				GCC_WARN_UNUSED_FUNCTION = YES;
				GCC_WARN_UNUSED_VARIABLE = YES;
				IPHONEOS_DEPLOYMENT_TARGET = 15.0;
				MTL_ENABLE_DEBUG_INFO = YES;
				ONLY_ACTIVE_ARCH = YES;
				SDKROOT = iphoneos;
				SWIFT_OPTIMIZATION_LEVEL = "-Onone";
			};
			name = Debug;
		};
		607FACEE1AFB9204008FA782 /* Release */ = {
			isa = XCBuildConfiguration;
			buildSettings = {
				ALWAYS_SEARCH_USER_PATHS = NO;
				CLANG_CXX_LANGUAGE_STANDARD = "gnu++0x";
				CLANG_CXX_LIBRARY = "libc++";
				CLANG_ENABLE_MODULES = YES;
				CLANG_ENABLE_OBJC_ARC = YES;
				CLANG_WARN_BLOCK_CAPTURE_AUTORELEASING = YES;
				CLANG_WARN_BOOL_CONVERSION = YES;
				CLANG_WARN_COMMA = YES;
				CLANG_WARN_CONSTANT_CONVERSION = YES;
				CLANG_WARN_DIRECT_OBJC_ISA_USAGE = YES_ERROR;
				CLANG_WARN_EMPTY_BODY = YES;
				CLANG_WARN_ENUM_CONVERSION = YES;
				CLANG_WARN_INFINITE_RECURSION = YES;
				CLANG_WARN_INT_CONVERSION = YES;
				CLANG_WARN_NON_LITERAL_NULL_CONVERSION = YES;
				CLANG_WARN_OBJC_LITERAL_CONVERSION = YES;
				CLANG_WARN_OBJC_ROOT_CLASS = YES_ERROR;
				CLANG_WARN_RANGE_LOOP_ANALYSIS = YES;
				CLANG_WARN_STRICT_PROTOTYPES = YES;
				CLANG_WARN_SUSPICIOUS_MOVE = YES;
				CLANG_WARN_UNREACHABLE_CODE = YES;
				CLANG_WARN__DUPLICATE_METHOD_MATCH = YES;
				"CODE_SIGN_IDENTITY[sdk=iphoneos*]" = "iPhone Developer";
				COPY_PHASE_STRIP = NO;
				DEBUG_INFORMATION_FORMAT = "dwarf-with-dsym";
				ENABLE_NS_ASSERTIONS = NO;
				ENABLE_STRICT_OBJC_MSGSEND = YES;
				ENABLE_TESTING_SEARCH_PATHS = YES;
				GCC_C_LANGUAGE_STANDARD = gnu99;
				GCC_NO_COMMON_BLOCKS = YES;
				GCC_WARN_64_TO_32_BIT_CONVERSION = YES;
				GCC_WARN_ABOUT_RETURN_TYPE = YES_ERROR;
				GCC_WARN_UNDECLARED_SELECTOR = YES;
				GCC_WARN_UNINITIALIZED_AUTOS = YES_AGGRESSIVE;
				GCC_WARN_UNUSED_FUNCTION = YES;
				GCC_WARN_UNUSED_VARIABLE = YES;
				IPHONEOS_DEPLOYMENT_TARGET = 15.0;
				MTL_ENABLE_DEBUG_INFO = NO;
				SDKROOT = iphoneos;
				SWIFT_OPTIMIZATION_LEVEL = "-Owholemodule";
				VALIDATE_PRODUCT = YES;
			};
			name = Release;
		};
		607FACF01AFB9204008FA782 /* Debug */ = {
			isa = XCBuildConfiguration;
			baseConfigurationReference = ECFE9647926DAA6E34F681DF /* Pods-mottosdkios_Example.debug.xcconfig */;
			buildSettings = {
				ASSETCATALOG_COMPILER_APPICON_NAME = AppIcon;
				DEVELOPMENT_TEAM = JCN6A3584L;
				EXCLUDED_ARCHS = "";
				HEADER_SEARCH_PATHS = (
					"$(inherited)",
					"\"${PODS_CONFIGURATION_BUILD_DIR}/Alamofire/Alamofire.framework/Headers\"",
					"\"${PODS_CONFIGURATION_BUILD_DIR}/Google-Mobile-Ads-SDK/Google_Mobile_Ads_SDK.framework/Headers\"",
					"\"${PODS_CONFIGURATION_BUILD_DIR}/SnapKit/SnapKit.framework/Headers\"",
					"\"${PODS_CONFIGURATION_BUILD_DIR}/Then/Then.framework/Headers\"",
					"\"${PODS_CONFIGURATION_BUILD_DIR}/mottosdkios/mottosdkios.framework/Headers\"",
					"\"${PODS_CONFIGURATION_BUILD_DIR}/GoogleUserMessagingPlatform/GoogleUserMessagingPlatform.framework/Headers\"",
				);
				INFOPLIST_FILE = mottosdkios/Info.plist;
				IPHONEOS_DEPLOYMENT_TARGET = 15.0;
				LD_RUNPATH_SEARCH_PATHS = "$(inherited) @executable_path/Frameworks";
				LIBRARY_SEARCH_PATHS = (
					"$(inherited)",
					"\"${TOOLCHAIN_DIR}/usr/lib/swift/${PLATFORM_NAME}\"",
					/usr/lib/swift,
				);
				MODULE_NAME = ExampleApp;
				PRODUCT_BUNDLE_IDENTIFIER = "org.cocoapods.demo.$(PRODUCT_NAME:rfc1034identifier)";
				PRODUCT_NAME = "$(TARGET_NAME)";
				SWIFT_SWIFT3_OBJC_INFERENCE = Default;
				SWIFT_VERSION = 4.0;
			};
			name = Debug;
		};
		607FACF11AFB9204008FA782 /* Release */ = {
			isa = XCBuildConfiguration;
			baseConfigurationReference = 3A6D774CF2B47D8B46502BD7 /* Pods-mottosdkios_Example.release.xcconfig */;
			buildSettings = {
				ASSETCATALOG_COMPILER_APPICON_NAME = AppIcon;
				DEVELOPMENT_TEAM = JCN6A3584L;
				EXCLUDED_ARCHS = "";
				HEADER_SEARCH_PATHS = (
					"$(inherited)",
					"\"${PODS_CONFIGURATION_BUILD_DIR}/Alamofire/Alamofire.framework/Headers\"",
					"\"${PODS_CONFIGURATION_BUILD_DIR}/Google-Mobile-Ads-SDK/Google_Mobile_Ads_SDK.framework/Headers\"",
					"\"${PODS_CONFIGURATION_BUILD_DIR}/SnapKit/SnapKit.framework/Headers\"",
					"\"${PODS_CONFIGURATION_BUILD_DIR}/Then/Then.framework/Headers\"",
					"\"${PODS_CONFIGURATION_BUILD_DIR}/mottosdkios/mottosdkios.framework/Headers\"",
					"\"${PODS_CONFIGURATION_BUILD_DIR}/GoogleUserMessagingPlatform/GoogleUserMessagingPlatform.framework/Headers\"",
				);
				INFOPLIST_FILE = mottosdkios/Info.plist;
				IPHONEOS_DEPLOYMENT_TARGET = 15.0;
				LD_RUNPATH_SEARCH_PATHS = "$(inherited) @executable_path/Frameworks";
				LIBRARY_SEARCH_PATHS = (
					"$(inherited)",
					"\"${TOOLCHAIN_DIR}/usr/lib/swift/${PLATFORM_NAME}\"",
					/usr/lib/swift,
				);
				MODULE_NAME = ExampleApp;
				PRODUCT_BUNDLE_IDENTIFIER = "org.cocoapods.demo.$(PRODUCT_NAME:rfc1034identifier)";
				PRODUCT_NAME = "$(TARGET_NAME)";
				SWIFT_SWIFT3_OBJC_INFERENCE = Default;
				SWIFT_VERSION = 4.0;
			};
			name = Release;
		};
		607FACF31AFB9204008FA782 /* Debug */ = {
			isa = XCBuildConfiguration;
			baseConfigurationReference = F787D641126175A140D69CA6 /* Pods-mottosdkios_Tests.debug.xcconfig */;
			buildSettings = {
				DEVELOPMENT_TEAM = JCN6A3584L;
				FRAMEWORK_SEARCH_PATHS = (
					"$(PLATFORM_DIR)/Developer/Library/Frameworks",
					"$(inherited)",
				);
				GCC_PREPROCESSOR_DEFINITIONS = (
					"DEBUG=1",
					"$(inherited)",
				);
				INFOPLIST_FILE = Tests/Info.plist;
				LD_RUNPATH_SEARCH_PATHS = "$(inherited) @executable_path/Frameworks @loader_path/Frameworks";
				PRODUCT_BUNDLE_IDENTIFIER = "org.cocoapods.$(PRODUCT_NAME:rfc1034identifier)";
				PRODUCT_NAME = "$(TARGET_NAME)";
				SWIFT_SWIFT3_OBJC_INFERENCE = Default;
				SWIFT_VERSION = 4.0;
				TEST_HOST = "$(BUILT_PRODUCTS_DIR)/mottosdkios_Example.app/mottosdkios_Example";
			};
			name = Debug;
		};
		607FACF41AFB9204008FA782 /* Release */ = {
			isa = XCBuildConfiguration;
			baseConfigurationReference = 43F38DCEE94DF22225B508C2 /* Pods-mottosdkios_Tests.release.xcconfig */;
			buildSettings = {
				DEVELOPMENT_TEAM = JCN6A3584L;
				FRAMEWORK_SEARCH_PATHS = (
					"$(PLATFORM_DIR)/Developer/Library/Frameworks",
					"$(inherited)",
				);
				INFOPLIST_FILE = Tests/Info.plist;
				LD_RUNPATH_SEARCH_PATHS = "$(inherited) @executable_path/Frameworks @loader_path/Frameworks";
				PRODUCT_BUNDLE_IDENTIFIER = "org.cocoapods.$(PRODUCT_NAME:rfc1034identifier)";
				PRODUCT_NAME = "$(TARGET_NAME)";
				SWIFT_SWIFT3_OBJC_INFERENCE = Default;
				SWIFT_VERSION = 4.0;
				TEST_HOST = "$(BUILT_PRODUCTS_DIR)/mottosdkios_Example.app/mottosdkios_Example";
			};
			name = Release;
		};
/* End XCBuildConfiguration section */

/* Begin XCConfigurationList section */
		607FACCB1AFB9204008FA782 /* Build configuration list for PBXProject "mottosdkios" */ = {
			isa = XCConfigurationList;
			buildConfigurations = (
				607FACED1AFB9204008FA782 /* Debug */,
				607FACEE1AFB9204008FA782 /* Release */,
			);
			defaultConfigurationIsVisible = 0;
			defaultConfigurationName = Release;
		};
		607FACEF1AFB9204008FA782 /* Build configuration list for PBXNativeTarget "mottosdkios_Example" */ = {
			isa = XCConfigurationList;
			buildConfigurations = (
				607FACF01AFB9204008FA782 /* Debug */,
				607FACF11AFB9204008FA782 /* Release */,
			);
			defaultConfigurationIsVisible = 0;
			defaultConfigurationName = Release;
		};
		607FACF21AFB9204008FA782 /* Build configuration list for PBXNativeTarget "mottosdkios_Tests" */ = {
			isa = XCConfigurationList;
			buildConfigurations = (
				607FACF31AFB9204008FA782 /* Debug */,
				607FACF41AFB9204008FA782 /* Release */,
			);
			defaultConfigurationIsVisible = 0;
			defaultConfigurationName = Release;
		};
/* End XCConfigurationList section */
	};
	rootObject = 607FACC81AFB9204008FA782 /* Project object */;
}
